
Microsoft Visual Studio Solution File, Format Version 12.00
# Visual Studio 2017
Project("{FAE04EC0-301F-11D3-BF4B-00C04F79EFBC}") = "matches", "matches.csproj", "{3B65936D-0FBC-1665-6CBF-A8D8E77F5F05}"
EndProject
Global
	GlobalSection(SolutionConfigurationPlatforms) = preSolution
		Debug|Any CPU = Debug|Any CPU
		Release|Any CPU = Release|Any CPU
	EndGlobalSection
	GlobalSection(ProjectConfigurationPlatforms) = postSolution
		{3B65936D-0FBC-1665-6CBF-A8D8E77F5F05}.Debug|Any CPU.ActiveCfg = Debug|Any CPU
		{3B65936D-0FBC-1665-6CBF-A8D8E77F5F05}.Debug|Any CPU.Build.0 = Debug|Any CPU
		{3B65936D-0FBC-1665-6CBF-A8D8E77F5F05}.Release|Any CPU.ActiveCfg = Release|Any CPU
		{3B65936D-0FBC-1665-6CBF-A8D8E77F5F05}.Release|Any CPU.Build.0 = Release|Any CPU
	EndGlobalSection
	GlobalSection(SolutionProperties) = preSolution
		HideSolutionNode = FALSE
	EndGlobalSection
EndGlobal
